
Microsoft Visual Studio Solution File, Format Version 12.00
# Visual Studio Version 17
VisualStudioVersion = 17.1.32414.318
MinimumVisualStudioVersion = 10.0.40219.1
Project("{FAE04EC0-301F-11D3-BF4B-00C04F79EFBC}") = "WinFormsApp1", "WinFormsApp1\WinFormsApp1.csproj", "{1A0BD3E9-6980-44E9-BD48-271C16F80F36}"
EndProject
Global
	GlobalSection(SolutionConfigurationPlatforms) = preSolution
		Debug|Any CPU = Debug|Any CPU
		Release|Any CPU = Release|Any CPU
	EndGlobalSection
	GlobalSection(ProjectConfigurationPlatforms) = postSolution
		{1A0BD3E9-6980-44E9-BD48-271C16F80F36}.Debug|Any CPU.ActiveCfg = Debug|Any CPU
		{1A0BD3E9-6980-44E9-BD48-271C16F80F36}.Debug|Any CPU.Build.0 = Debug|Any CPU
		{1A0BD3E9-6980-44E9-BD48-271C16F80F36}.Release|Any CPU.ActiveCfg = Release|Any CPU
		{1A0BD3E9-6980-44E9-BD48-271C16F80F36}.Release|Any CPU.Build.0 = Release|Any CPU
	EndGlobalSection
	GlobalSection(SolutionProperties) = preSolution
		HideSolutionNode = FALSE
	EndGlobalSection
	GlobalSection(ExtensibilityGlobals) = postSolution
		SolutionGuid = {D5B5F971-484C-434F-9B50-81D62E935084}
	EndGlobalSection
EndGlobal
